
Microsoft Visual Studio Solution File, Format Version 12.00
# Visual Studio Version 17
VisualStudioVersion = 17.10.35013.160
MinimumVisualStudioVersion = 10.0.40219.1
Project("{9A19103F-16F7-4668-BE54-9A1E7A4F7556}") = "Web", "src\Web\Web.csproj", "{11C92D43-D20C-4A8C-A605-934F59655846}"
EndProject
Project("{2150E333-8FDC-42A3-9474-1A3956D46DE8}") = "src", "src", "{81E1BBA9-44CA-403D-B700-E733D54E7961}"
EndProject
Project("{9A19103F-16F7-4668-BE54-9A1E7A4F7556}") = "Admin", "src\Admin\Admin.csproj", "{E4399C14-2EE9-41CD-BDBE-2784DA00D2A4}"
EndProject
Project("{9A19103F-16F7-4668-BE54-9A1E7A4F7556}") = "Application", "src\Application\Application.csproj", "{CDB3A680-551C-4A02-A887-014B004EBFF9}"
EndProject
Project("{9A19103F-16F7-4668-BE54-9A1E7A4F7556}") = "Infrastructure", "src\Infrastructure\Infrastructure.csproj", "{DE955DBD-192F-442F-9911-5E72CA7C02C4}"
EndProject
Project("{9A19103F-16F7-4668-BE54-9A1E7A4F7556}") = "Core", "src\Core\Core.csproj", "{5BDCE007-32AC-47E9-8AD5-EB6FE19980CB}"
EndProject
Global
	GlobalSection(SolutionConfigurationPlatforms) = preSolution
		Debug|Any CPU = Debug|Any CPU
		Release|Any CPU = Release|Any CPU
	EndGlobalSection
	GlobalSection(ProjectConfigurationPlatforms) = postSolution
		{11C92D43-D20C-4A8C-A605-934F59655846}.Debug|Any CPU.ActiveCfg = Debug|Any CPU
		{11C92D43-D20C-4A8C-A605-934F59655846}.Debug|Any CPU.Build.0 = Debug|Any CPU
		{11C92D43-D20C-4A8C-A605-934F59655846}.Release|Any CPU.ActiveCfg = Release|Any CPU
		{11C92D43-D20C-4A8C-A605-934F59655846}.Release|Any CPU.Build.0 = Release|Any CPU
		{E4399C14-2EE9-41CD-BDBE-2784DA00D2A4}.Debug|Any CPU.ActiveCfg = Debug|Any CPU
		{E4399C14-2EE9-41CD-BDBE-2784DA00D2A4}.Debug|Any CPU.Build.0 = Debug|Any CPU
		{E4399C14-2EE9-41CD-BDBE-2784DA00D2A4}.Release|Any CPU.ActiveCfg = Release|Any CPU
		{E4399C14-2EE9-41CD-BDBE-2784DA00D2A4}.Release|Any CPU.Build.0 = Release|Any CPU
		{CDB3A680-551C-4A02-A887-014B004EBFF9}.Debug|Any CPU.ActiveCfg = Debug|Any CPU
		{CDB3A680-551C-4A02-A887-014B004EBFF9}.Debug|Any CPU.Build.0 = Debug|Any CPU
		{CDB3A680-551C-4A02-A887-014B004EBFF9}.Release|Any CPU.ActiveCfg = Release|Any CPU
		{CDB3A680-551C-4A02-A887-014B004EBFF9}.Release|Any CPU.Build.0 = Release|Any CPU
		{DE955DBD-192F-442F-9911-5E72CA7C02C4}.Debug|Any CPU.ActiveCfg = Debug|Any CPU
		{DE955DBD-192F-442F-9911-5E72CA7C02C4}.Debug|Any CPU.Build.0 = Debug|Any CPU
		{DE955DBD-192F-442F-9911-5E72CA7C02C4}.Release|Any CPU.ActiveCfg = Release|Any CPU
		{DE955DBD-192F-442F-9911-5E72CA7C02C4}.Release|Any CPU.Build.0 = Release|Any CPU
		{5BDCE007-32AC-47E9-8AD5-EB6FE19980CB}.Debug|Any CPU.ActiveCfg = Debug|Any CPU
		{5BDCE007-32AC-47E9-8AD5-EB6FE19980CB}.Debug|Any CPU.Build.0 = Debug|Any CPU
		{5BDCE007-32AC-47E9-8AD5-EB6FE19980CB}.Release|Any CPU.ActiveCfg = Release|Any CPU
		{5BDCE007-32AC-47E9-8AD5-EB6FE19980CB}.Release|Any CPU.Build.0 = Release|Any CPU
	EndGlobalSection
	GlobalSection(SolutionProperties) = preSolution
		HideSolutionNode = FALSE
	EndGlobalSection
	GlobalSection(NestedProjects) = preSolution
		{11C92D43-D20C-4A8C-A605-934F59655846} = {81E1BBA9-44CA-403D-B700-E733D54E7961}
		{E4399C14-2EE9-41CD-BDBE-2784DA00D2A4} = {81E1BBA9-44CA-403D-B700-E733D54E7961}
		{CDB3A680-551C-4A02-A887-014B004EBFF9} = {81E1BBA9-44CA-403D-B700-E733D54E7961}
		{DE955DBD-192F-442F-9911-5E72CA7C02C4} = {81E1BBA9-44CA-403D-B700-E733D54E7961}
		{5BDCE007-32AC-47E9-8AD5-EB6FE19980CB} = {81E1BBA9-44CA-403D-B700-E733D54E7961}
	EndGlobalSection
	GlobalSection(ExtensibilityGlobals) = postSolution
		SolutionGuid = {D6F4A2D5-EC7D-4E47-B2E7-FF048F725BBB}
	EndGlobalSection
EndGlobal
